
Microsoft Visual Studio Solution File, Format Version 12.00
# Visual Studio Version 16
VisualStudioVersion = 16.0.809.8
MinimumVisualStudioVersion = 10.0.40219.1
Project("{FAE04EC0-301F-11D3-BF4B-00C04F79EFBC}") = "Raydreams.HydeSharp", "Raydreams.HydeSharp.csproj", "{64DA4E34-CEE1-406F-B0E9-21527C3B2E19}"
EndProject
Global
	GlobalSection(SolutionConfigurationPlatforms) = preSolution
		Debug|Any CPU = Debug|Any CPU
		Release|Any CPU = Release|Any CPU
	EndGlobalSection
	GlobalSection(ProjectConfigurationPlatforms) = postSolution
		{64DA4E34-CEE1-406F-B0E9-21527C3B2E19}.Debug|Any CPU.ActiveCfg = Debug|Any CPU
		{64DA4E34-CEE1-406F-B0E9-21527C3B2E19}.Debug|Any CPU.Build.0 = Debug|Any CPU
		{64DA4E34-CEE1-406F-B0E9-21527C3B2E19}.Release|Any CPU.ActiveCfg = Release|Any CPU
		{64DA4E34-CEE1-406F-B0E9-21527C3B2E19}.Release|Any CPU.Build.0 = Release|Any CPU
	EndGlobalSection
	GlobalSection(SolutionProperties) = preSolution
		HideSolutionNode = FALSE
	EndGlobalSection
	GlobalSection(ExtensibilityGlobals) = postSolution
		SolutionGuid = {6A63F601-7F52-41BE-AF4F-6BDBB8572678}
	EndGlobalSection
EndGlobal
